
Microsoft Visual Studio Solution File, Format Version 12.00
# Visual Studio Version 16
VisualStudioVersion = 16.0.31424.327
MinimumVisualStudioVersion = 10.0.40219.1
Project("{FAE04EC0-301F-11D3-BF4B-00C04F79EFBC}") = "SoftUniReception", "SoftUniReception\SoftUniReception.csproj", "{FD58A32B-2F74-4CEE-9DB7-3C49BC06C15B}"
EndProject
Project("{FAE04EC0-301F-11D3-BF4B-00C04F79EFBC}") = "ArrayModifier", "ArrayModifier\ArrayModifier.csproj", "{6F8F7489-3393-4D75-BCFC-84CDCD2CAEA6}"
EndProject
Project("{FAE04EC0-301F-11D3-BF4B-00C04F79EFBC}") = "Numbers", "Numbers\Numbers.csproj", "{DFEED2BF-F25C-4028-AEFE-3AE94C4F45DE}"
EndProject
Global
	GlobalSection(SolutionConfigurationPlatforms) = preSolution
		Debug|Any CPU = Debug|Any CPU
		Release|Any CPU = Release|Any CPU
	EndGlobalSection
	GlobalSection(ProjectConfigurationPlatforms) = postSolution
		{FD58A32B-2F74-4CEE-9DB7-3C49BC06C15B}.Debug|Any CPU.ActiveCfg = Debug|Any CPU
		{FD58A32B-2F74-4CEE-9DB7-3C49BC06C15B}.Debug|Any CPU.Build.0 = Debug|Any CPU
		{FD58A32B-2F74-4CEE-9DB7-3C49BC06C15B}.Release|Any CPU.ActiveCfg = Release|Any CPU
		{FD58A32B-2F74-4CEE-9DB7-3C49BC06C15B}.Release|Any CPU.Build.0 = Release|Any CPU
		{6F8F7489-3393-4D75-BCFC-84CDCD2CAEA6}.Debug|Any CPU.ActiveCfg = Debug|Any CPU
		{6F8F7489-3393-4D75-BCFC-84CDCD2CAEA6}.Debug|Any CPU.Build.0 = Debug|Any CPU
		{6F8F7489-3393-4D75-BCFC-84CDCD2CAEA6}.Release|Any CPU.ActiveCfg = Release|Any CPU
		{6F8F7489-3393-4D75-BCFC-84CDCD2CAEA6}.Release|Any CPU.Build.0 = Release|Any CPU
		{DFEED2BF-F25C-4028-AEFE-3AE94C4F45DE}.Debug|Any CPU.ActiveCfg = Debug|Any CPU
		{DFEED2BF-F25C-4028-AEFE-3AE94C4F45DE}.Debug|Any CPU.Build.0 = Debug|Any CPU
		{DFEED2BF-F25C-4028-AEFE-3AE94C4F45DE}.Release|Any CPU.ActiveCfg = Release|Any CPU
		{DFEED2BF-F25C-4028-AEFE-3AE94C4F45DE}.Release|Any CPU.Build.0 = Release|Any CPU
	EndGlobalSection
	GlobalSection(SolutionProperties) = preSolution
		HideSolutionNode = FALSE
	EndGlobalSection
	GlobalSection(ExtensibilityGlobals) = postSolution
		SolutionGuid = {DAF05CF5-7804-48A6-A9B0-45EC3D730291}
	EndGlobalSection
EndGlobal
