
Microsoft Visual Studio Solution File, Format Version 12.00
# Visual Studio Version 16
VisualStudioVersion = 16.0.31410.357
MinimumVisualStudioVersion = 10.0.40219.1
Project("{FAE04EC0-301F-11D3-BF4B-00C04F79EFBC}") = "ExtractPersonInformation", "ExtractPersonInformation\ExtractPersonInformation.csproj", "{D0BEE8CE-B572-46C9-B596-BA0279F08E7A}"
EndProject
Project("{FAE04EC0-301F-11D3-BF4B-00C04F79EFBC}") = "AsciiSumator", "AsciiSumator\AsciiSumator.csproj", "{C3889242-EDFB-4063-AA8F-5FD2307EE6B5}"
EndProject
Project("{FAE04EC0-301F-11D3-BF4B-00C04F79EFBC}") = "TreasureFinder", "TreasureFinder\TreasureFinder.csproj", "{4779824C-2B92-4B4B-90C8-D1F4B8BEB15C}"
EndProject
Project("{FAE04EC0-301F-11D3-BF4B-00C04F79EFBC}") = "MorseCodeTranslator", "MorseCodeTranslator\MorseCodeTranslator.csproj", "{A5A6482A-CD2B-4ABC-9085-84047A590687}"
EndProject
Project("{FAE04EC0-301F-11D3-BF4B-00C04F79EFBC}") = "HTML", "HTML\HTML.csproj", "{BBB58550-DCCC-4560-B4DB-5ED4E918996B}"
EndProject
Global
	GlobalSection(SolutionConfigurationPlatforms) = preSolution
		Debug|Any CPU = Debug|Any CPU
		Release|Any CPU = Release|Any CPU
	EndGlobalSection
	GlobalSection(ProjectConfigurationPlatforms) = postSolution
		{D0BEE8CE-B572-46C9-B596-BA0279F08E7A}.Debug|Any CPU.ActiveCfg = Debug|Any CPU
		{D0BEE8CE-B572-46C9-B596-BA0279F08E7A}.Debug|Any CPU.Build.0 = Debug|Any CPU
		{D0BEE8CE-B572-46C9-B596-BA0279F08E7A}.Release|Any CPU.ActiveCfg = Release|Any CPU
		{D0BEE8CE-B572-46C9-B596-BA0279F08E7A}.Release|Any CPU.Build.0 = Release|Any CPU
		{C3889242-EDFB-4063-AA8F-5FD2307EE6B5}.Debug|Any CPU.ActiveCfg = Debug|Any CPU
		{C3889242-EDFB-4063-AA8F-5FD2307EE6B5}.Debug|Any CPU.Build.0 = Debug|Any CPU
		{C3889242-EDFB-4063-AA8F-5FD2307EE6B5}.Release|Any CPU.ActiveCfg = Release|Any CPU
		{C3889242-EDFB-4063-AA8F-5FD2307EE6B5}.Release|Any CPU.Build.0 = Release|Any CPU
		{4779824C-2B92-4B4B-90C8-D1F4B8BEB15C}.Debug|Any CPU.ActiveCfg = Debug|Any CPU
		{4779824C-2B92-4B4B-90C8-D1F4B8BEB15C}.Debug|Any CPU.Build.0 = Debug|Any CPU
		{4779824C-2B92-4B4B-90C8-D1F4B8BEB15C}.Release|Any CPU.ActiveCfg = Release|Any CPU
		{4779824C-2B92-4B4B-90C8-D1F4B8BEB15C}.Release|Any CPU.Build.0 = Release|Any CPU
		{A5A6482A-CD2B-4ABC-9085-84047A590687}.Debug|Any CPU.ActiveCfg = Debug|Any CPU
		{A5A6482A-CD2B-4ABC-9085-84047A590687}.Debug|Any CPU.Build.0 = Debug|Any CPU
		{A5A6482A-CD2B-4ABC-9085-84047A590687}.Release|Any CPU.ActiveCfg = Release|Any CPU
		{A5A6482A-CD2B-4ABC-9085-84047A590687}.Release|Any CPU.Build.0 = Release|Any CPU
		{BBB58550-DCCC-4560-B4DB-5ED4E918996B}.Debug|Any CPU.ActiveCfg = Debug|Any CPU
		{BBB58550-DCCC-4560-B4DB-5ED4E918996B}.Debug|Any CPU.Build.0 = Debug|Any CPU
		{BBB58550-DCCC-4560-B4DB-5ED4E918996B}.Release|Any CPU.ActiveCfg = Release|Any CPU
		{BBB58550-DCCC-4560-B4DB-5ED4E918996B}.Release|Any CPU.Build.0 = Release|Any CPU
	EndGlobalSection
	GlobalSection(SolutionProperties) = preSolution
		HideSolutionNode = FALSE
	EndGlobalSection
	GlobalSection(ExtensibilityGlobals) = postSolution
		SolutionGuid = {21BE43C6-4010-4D1E-B628-5062BA0D7F94}
	EndGlobalSection
EndGlobal
