
Microsoft Visual Studio Solution File, Format Version 12.00
# Visual Studio Version 16
VisualStudioVersion = 16.0.31729.503
MinimumVisualStudioVersion = 10.0.40219.1
Project("{FAE04EC0-301F-11D3-BF4B-00C04F79EFBC}") = "Vehicles", "Vehicles\Vehicles.csproj", "{97EB4865-1DF3-4E98-B1A8-1FC5ACE4675B}"
EndProject
Project("{FAE04EC0-301F-11D3-BF4B-00C04F79EFBC}") = "VehiclesExtension", "VehiclesExtension\VehiclesExtension.csproj", "{8E148E56-A6F3-4B96-83D9-646A7C1B73AE}"
EndProject
Global
	GlobalSection(SolutionConfigurationPlatforms) = preSolution
		Debug|Any CPU = Debug|Any CPU
		Release|Any CPU = Release|Any CPU
	EndGlobalSection
	GlobalSection(ProjectConfigurationPlatforms) = postSolution
		{97EB4865-1DF3-4E98-B1A8-1FC5ACE4675B}.Debug|Any CPU.ActiveCfg = Debug|Any CPU
		{97EB4865-1DF3-4E98-B1A8-1FC5ACE4675B}.Debug|Any CPU.Build.0 = Debug|Any CPU
		{97EB4865-1DF3-4E98-B1A8-1FC5ACE4675B}.Release|Any CPU.ActiveCfg = Release|Any CPU
		{97EB4865-1DF3-4E98-B1A8-1FC5ACE4675B}.Release|Any CPU.Build.0 = Release|Any CPU
		{8E148E56-A6F3-4B96-83D9-646A7C1B73AE}.Debug|Any CPU.ActiveCfg = Debug|Any CPU
		{8E148E56-A6F3-4B96-83D9-646A7C1B73AE}.Debug|Any CPU.Build.0 = Debug|Any CPU
		{8E148E56-A6F3-4B96-83D9-646A7C1B73AE}.Release|Any CPU.ActiveCfg = Release|Any CPU
		{8E148E56-A6F3-4B96-83D9-646A7C1B73AE}.Release|Any CPU.Build.0 = Release|Any CPU
	EndGlobalSection
	GlobalSection(SolutionProperties) = preSolution
		HideSolutionNode = FALSE
	EndGlobalSection
	GlobalSection(ExtensibilityGlobals) = postSolution
		SolutionGuid = {B49F7165-1258-4A03-8B3F-A9249F5342EF}
	EndGlobalSection
EndGlobal
