
Microsoft Visual Studio Solution File, Format Version 12.00
# Visual Studio Version 16
VisualStudioVersion = 16.0.31205.134
MinimumVisualStudioVersion = 10.0.40219.1
Project("{9A19103F-16F7-4668-BE54-9A1E7A4F7556}") = "SortNumbers", "SortNumbers\SortNumbers.csproj", "{2857D265-1C89-4EEC-9C00-959D5408A68E}"
EndProject
Project("{9A19103F-16F7-4668-BE54-9A1E7A4F7556}") = "EnglishNameOfLastDigit", "EnglishNameOfLastDigit\EnglishNameOfLastDigit.csproj", "{69BD8D0A-A58C-4879-9AA6-5577917325BF}"
EndProject
Project("{FAE04EC0-301F-11D3-BF4B-00C04F79EFBC}") = "GamingStore", "GamingStore\GamingStore.csproj", "{18A6BA0A-4EA5-4202-9C04-2051C96FE57C}"
EndProject
Project("{FAE04EC0-301F-11D3-BF4B-00C04F79EFBC}") = "ReverseString", "ReverseString\ReverseString.csproj", "{90E0322A-CA7A-4B0E-B15B-FDEF3FC9A26D}"
EndProject
Project("{FAE04EC0-301F-11D3-BF4B-00C04F79EFBC}") = "Messages", "Messages\Messages.csproj", "{D5480CF6-B357-4720-85E4-1FA6C8870D23}"
EndProject
Global
	GlobalSection(SolutionConfigurationPlatforms) = preSolution
		Debug|Any CPU = Debug|Any CPU
		Release|Any CPU = Release|Any CPU
	EndGlobalSection
	GlobalSection(ProjectConfigurationPlatforms) = postSolution
		{2857D265-1C89-4EEC-9C00-959D5408A68E}.Debug|Any CPU.ActiveCfg = Debug|Any CPU
		{2857D265-1C89-4EEC-9C00-959D5408A68E}.Debug|Any CPU.Build.0 = Debug|Any CPU
		{2857D265-1C89-4EEC-9C00-959D5408A68E}.Release|Any CPU.ActiveCfg = Release|Any CPU
		{2857D265-1C89-4EEC-9C00-959D5408A68E}.Release|Any CPU.Build.0 = Release|Any CPU
		{69BD8D0A-A58C-4879-9AA6-5577917325BF}.Debug|Any CPU.ActiveCfg = Debug|Any CPU
		{69BD8D0A-A58C-4879-9AA6-5577917325BF}.Debug|Any CPU.Build.0 = Debug|Any CPU
		{69BD8D0A-A58C-4879-9AA6-5577917325BF}.Release|Any CPU.ActiveCfg = Release|Any CPU
		{69BD8D0A-A58C-4879-9AA6-5577917325BF}.Release|Any CPU.Build.0 = Release|Any CPU
		{18A6BA0A-4EA5-4202-9C04-2051C96FE57C}.Debug|Any CPU.ActiveCfg = Debug|Any CPU
		{18A6BA0A-4EA5-4202-9C04-2051C96FE57C}.Debug|Any CPU.Build.0 = Debug|Any CPU
		{18A6BA0A-4EA5-4202-9C04-2051C96FE57C}.Release|Any CPU.ActiveCfg = Release|Any CPU
		{18A6BA0A-4EA5-4202-9C04-2051C96FE57C}.Release|Any CPU.Build.0 = Release|Any CPU
		{90E0322A-CA7A-4B0E-B15B-FDEF3FC9A26D}.Debug|Any CPU.ActiveCfg = Debug|Any CPU
		{90E0322A-CA7A-4B0E-B15B-FDEF3FC9A26D}.Debug|Any CPU.Build.0 = Debug|Any CPU
		{90E0322A-CA7A-4B0E-B15B-FDEF3FC9A26D}.Release|Any CPU.ActiveCfg = Release|Any CPU
		{90E0322A-CA7A-4B0E-B15B-FDEF3FC9A26D}.Release|Any CPU.Build.0 = Release|Any CPU
		{D5480CF6-B357-4720-85E4-1FA6C8870D23}.Debug|Any CPU.ActiveCfg = Debug|Any CPU
		{D5480CF6-B357-4720-85E4-1FA6C8870D23}.Debug|Any CPU.Build.0 = Debug|Any CPU
		{D5480CF6-B357-4720-85E4-1FA6C8870D23}.Release|Any CPU.ActiveCfg = Release|Any CPU
		{D5480CF6-B357-4720-85E4-1FA6C8870D23}.Release|Any CPU.Build.0 = Release|Any CPU
	EndGlobalSection
	GlobalSection(SolutionProperties) = preSolution
		HideSolutionNode = FALSE
	EndGlobalSection
	GlobalSection(ExtensibilityGlobals) = postSolution
		SolutionGuid = {473B22A9-BD51-4C97-A946-09128D737B90}
	EndGlobalSection
EndGlobal
