
Microsoft Visual Studio Solution File, Format Version 12.00
# Visual Studio Version 16
VisualStudioVersion = 16.0.31702.278
MinimumVisualStudioVersion = 10.0.40219.1
Project("{FAE04EC0-301F-11D3-BF4B-00C04F79EFBC}") = "Farm", "Farm\Farm.csproj", "{5824E3CB-878C-4708-81B3-72FE10C61FCF}"
EndProject
Global
	GlobalSection(SolutionConfigurationPlatforms) = preSolution
		Debug|Any CPU = Debug|Any CPU
		Release|Any CPU = Release|Any CPU
	EndGlobalSection
	GlobalSection(ProjectConfigurationPlatforms) = postSolution
		{5824E3CB-878C-4708-81B3-72FE10C61FCF}.Debug|Any CPU.ActiveCfg = Debug|Any CPU
		{5824E3CB-878C-4708-81B3-72FE10C61FCF}.Debug|Any CPU.Build.0 = Debug|Any CPU
		{5824E3CB-878C-4708-81B3-72FE10C61FCF}.Release|Any CPU.ActiveCfg = Release|Any CPU
		{5824E3CB-878C-4708-81B3-72FE10C61FCF}.Release|Any CPU.Build.0 = Release|Any CPU
	EndGlobalSection
	GlobalSection(SolutionProperties) = preSolution
		HideSolutionNode = FALSE
	EndGlobalSection
	GlobalSection(ExtensibilityGlobals) = postSolution
		SolutionGuid = {66B54A5E-82F2-471B-BCFF-BD36A2475E45}
	EndGlobalSection
EndGlobal
