
Microsoft Visual Studio Solution File, Format Version 12.00
# Visual Studio Version 16
VisualStudioVersion = 16.0.31424.327
MinimumVisualStudioVersion = 10.0.40219.1
Project("{FAE04EC0-301F-11D3-BF4B-00C04F79EFBC}") = "CounterStrike", "CounterStrike\CounterStrike.csproj", "{D8CEF270-5B04-4CA3-B341-1677A9860E07}"
EndProject
Project("{FAE04EC0-301F-11D3-BF4B-00C04F79EFBC}") = "ShootForTheWin", "ShootForTheWin\ShootForTheWin.csproj", "{BA4EB83F-343B-4E1D-8758-9140E27337D2}"
EndProject
Project("{FAE04EC0-301F-11D3-BF4B-00C04F79EFBC}") = "MovingTarget", "MovingTarget\MovingTarget.csproj", "{C83716C8-774F-4BBD-8A87-826345398C2F}"
EndProject
Global
	GlobalSection(SolutionConfigurationPlatforms) = preSolution
		Debug|Any CPU = Debug|Any CPU
		Release|Any CPU = Release|Any CPU
	EndGlobalSection
	GlobalSection(ProjectConfigurationPlatforms) = postSolution
		{D8CEF270-5B04-4CA3-B341-1677A9860E07}.Debug|Any CPU.ActiveCfg = Debug|Any CPU
		{D8CEF270-5B04-4CA3-B341-1677A9860E07}.Debug|Any CPU.Build.0 = Debug|Any CPU
		{D8CEF270-5B04-4CA3-B341-1677A9860E07}.Release|Any CPU.ActiveCfg = Release|Any CPU
		{D8CEF270-5B04-4CA3-B341-1677A9860E07}.Release|Any CPU.Build.0 = Release|Any CPU
		{BA4EB83F-343B-4E1D-8758-9140E27337D2}.Debug|Any CPU.ActiveCfg = Debug|Any CPU
		{BA4EB83F-343B-4E1D-8758-9140E27337D2}.Debug|Any CPU.Build.0 = Debug|Any CPU
		{BA4EB83F-343B-4E1D-8758-9140E27337D2}.Release|Any CPU.ActiveCfg = Release|Any CPU
		{BA4EB83F-343B-4E1D-8758-9140E27337D2}.Release|Any CPU.Build.0 = Release|Any CPU
		{C83716C8-774F-4BBD-8A87-826345398C2F}.Debug|Any CPU.ActiveCfg = Debug|Any CPU
		{C83716C8-774F-4BBD-8A87-826345398C2F}.Debug|Any CPU.Build.0 = Debug|Any CPU
		{C83716C8-774F-4BBD-8A87-826345398C2F}.Release|Any CPU.ActiveCfg = Release|Any CPU
		{C83716C8-774F-4BBD-8A87-826345398C2F}.Release|Any CPU.Build.0 = Release|Any CPU
	EndGlobalSection
	GlobalSection(SolutionProperties) = preSolution
		HideSolutionNode = FALSE
	EndGlobalSection
	GlobalSection(ExtensibilityGlobals) = postSolution
		SolutionGuid = {2EC05FDD-7126-4C2E-88E1-1277BD43D820}
	EndGlobalSection
EndGlobal
