
Microsoft Visual Studio Solution File, Format Version 12.00
# Visual Studio Version 16
VisualStudioVersion = 16.0.31729.503
MinimumVisualStudioVersion = 10.0.40219.1
Project("{9A19103F-16F7-4668-BE54-9A1E7A4F7556}") = "HighQualityMistakes", "HighQualityMistakes\HighQualityMistakes.csproj", "{D6F38AF7-B758-4572-9CF1-CAF92F348ABC}"
EndProject
Project("{9A19103F-16F7-4668-BE54-9A1E7A4F7556}") = "MissionPrivateImpossible", "MissionPrivateImpossible\MissionPrivateImpossible.csproj", "{F4A7EDC1-A5CC-49AA-A587-BFAF26D955A9}"
EndProject
Project("{9A19103F-16F7-4668-BE54-9A1E7A4F7556}") = "Stealer", "Stealer\Stealer.csproj", "{80E1FE04-5A5F-42DE-AE56-26682B874428}"
EndProject
Global
	GlobalSection(SolutionConfigurationPlatforms) = preSolution
		Debug|Any CPU = Debug|Any CPU
		Release|Any CPU = Release|Any CPU
	EndGlobalSection
	GlobalSection(ProjectConfigurationPlatforms) = postSolution
		{D6F38AF7-B758-4572-9CF1-CAF92F348ABC}.Debug|Any CPU.ActiveCfg = Debug|Any CPU
		{D6F38AF7-B758-4572-9CF1-CAF92F348ABC}.Debug|Any CPU.Build.0 = Debug|Any CPU
		{D6F38AF7-B758-4572-9CF1-CAF92F348ABC}.Release|Any CPU.ActiveCfg = Release|Any CPU
		{D6F38AF7-B758-4572-9CF1-CAF92F348ABC}.Release|Any CPU.Build.0 = Release|Any CPU
		{F4A7EDC1-A5CC-49AA-A587-BFAF26D955A9}.Debug|Any CPU.ActiveCfg = Debug|Any CPU
		{F4A7EDC1-A5CC-49AA-A587-BFAF26D955A9}.Debug|Any CPU.Build.0 = Debug|Any CPU
		{F4A7EDC1-A5CC-49AA-A587-BFAF26D955A9}.Release|Any CPU.ActiveCfg = Release|Any CPU
		{F4A7EDC1-A5CC-49AA-A587-BFAF26D955A9}.Release|Any CPU.Build.0 = Release|Any CPU
		{80E1FE04-5A5F-42DE-AE56-26682B874428}.Debug|Any CPU.ActiveCfg = Debug|Any CPU
		{80E1FE04-5A5F-42DE-AE56-26682B874428}.Debug|Any CPU.Build.0 = Debug|Any CPU
		{80E1FE04-5A5F-42DE-AE56-26682B874428}.Release|Any CPU.ActiveCfg = Release|Any CPU
		{80E1FE04-5A5F-42DE-AE56-26682B874428}.Release|Any CPU.Build.0 = Release|Any CPU
	EndGlobalSection
	GlobalSection(SolutionProperties) = preSolution
		HideSolutionNode = FALSE
	EndGlobalSection
	GlobalSection(ExtensibilityGlobals) = postSolution
		SolutionGuid = {DFE750AA-4065-42DA-92A1-D36CFC21A397}
	EndGlobalSection
EndGlobal
