
Microsoft Visual Studio Solution File, Format Version 12.00
# Visual Studio Version 17
VisualStudioVersion = 17.2.32616.157
MinimumVisualStudioVersion = 10.0.40219.1
Project("{FAE04EC0-301F-11D3-BF4B-00C04F79EFBC}") = "P03_FootballBetting", "P03_FootballBetting\P03_FootballBetting.csproj", "{F61D34CE-0226-4339-A22A-BF9167F84A63}"
EndProject
Project("{FAE04EC0-301F-11D3-BF4B-00C04F79EFBC}") = "P03_FootballBetting.Data", "P03_FootballBetting.Data\P03_FootballBetting.Data.csproj", "{9AF9D731-3701-4ABB-9815-360106767190}"
EndProject
Project("{FAE04EC0-301F-11D3-BF4B-00C04F79EFBC}") = "P03_FootballBetting.Data.Models", "P03_FootballBetting.Data.Models\P03_FootballBetting.Data.Models.csproj", "{BD109D04-58DE-4952-AD86-716B02EA3C36}"
EndProject
Global
	GlobalSection(SolutionConfigurationPlatforms) = preSolution
		Debug|Any CPU = Debug|Any CPU
		Release|Any CPU = Release|Any CPU
	EndGlobalSection
	GlobalSection(ProjectConfigurationPlatforms) = postSolution
		{F61D34CE-0226-4339-A22A-BF9167F84A63}.Debug|Any CPU.ActiveCfg = Debug|Any CPU
		{F61D34CE-0226-4339-A22A-BF9167F84A63}.Debug|Any CPU.Build.0 = Debug|Any CPU
		{F61D34CE-0226-4339-A22A-BF9167F84A63}.Release|Any CPU.ActiveCfg = Release|Any CPU
		{F61D34CE-0226-4339-A22A-BF9167F84A63}.Release|Any CPU.Build.0 = Release|Any CPU
		{9AF9D731-3701-4ABB-9815-360106767190}.Debug|Any CPU.ActiveCfg = Debug|Any CPU
		{9AF9D731-3701-4ABB-9815-360106767190}.Debug|Any CPU.Build.0 = Debug|Any CPU
		{9AF9D731-3701-4ABB-9815-360106767190}.Release|Any CPU.ActiveCfg = Release|Any CPU
		{9AF9D731-3701-4ABB-9815-360106767190}.Release|Any CPU.Build.0 = Release|Any CPU
		{BD109D04-58DE-4952-AD86-716B02EA3C36}.Debug|Any CPU.ActiveCfg = Debug|Any CPU
		{BD109D04-58DE-4952-AD86-716B02EA3C36}.Debug|Any CPU.Build.0 = Debug|Any CPU
		{BD109D04-58DE-4952-AD86-716B02EA3C36}.Release|Any CPU.ActiveCfg = Release|Any CPU
		{BD109D04-58DE-4952-AD86-716B02EA3C36}.Release|Any CPU.Build.0 = Release|Any CPU
	EndGlobalSection
	GlobalSection(SolutionProperties) = preSolution
		HideSolutionNode = FALSE
	EndGlobalSection
	GlobalSection(ExtensibilityGlobals) = postSolution
		SolutionGuid = {6969F3B9-8720-4B98-827D-5019EEF20842}
	EndGlobalSection
EndGlobal
