
Microsoft Visual Studio Solution File, Format Version 12.00
# Visual Studio Version 16
VisualStudioVersion = 16.0.31424.327
MinimumVisualStudioVersion = 10.0.40219.1
Project("{FAE04EC0-301F-11D3-BF4B-00C04F79EFBC}") = "SecretChat", "SecretChat\SecretChat.csproj", "{C247D01A-D2F2-4B29-A5A4-E15DEE4CE892}"
EndProject
Project("{FAE04EC0-301F-11D3-BF4B-00C04F79EFBC}") = "MirrorWords", "MirrorWords\MirrorWords.csproj", "{14CBB3AC-6107-4370-937E-C3C2B8CC2A2F}"
EndProject
Project("{FAE04EC0-301F-11D3-BF4B-00C04F79EFBC}") = "NeedForSpeed3", "NeedForSpeed3\NeedForSpeed3.csproj", "{4B0E1FDA-9B6F-45C8-906D-270D026F18F7}"
EndProject
Global
	GlobalSection(SolutionConfigurationPlatforms) = preSolution
		Debug|Any CPU = Debug|Any CPU
		Release|Any CPU = Release|Any CPU
	EndGlobalSection
	GlobalSection(ProjectConfigurationPlatforms) = postSolution
		{C247D01A-D2F2-4B29-A5A4-E15DEE4CE892}.Debug|Any CPU.ActiveCfg = Debug|Any CPU
		{C247D01A-D2F2-4B29-A5A4-E15DEE4CE892}.Debug|Any CPU.Build.0 = Debug|Any CPU
		{C247D01A-D2F2-4B29-A5A4-E15DEE4CE892}.Release|Any CPU.ActiveCfg = Release|Any CPU
		{C247D01A-D2F2-4B29-A5A4-E15DEE4CE892}.Release|Any CPU.Build.0 = Release|Any CPU
		{14CBB3AC-6107-4370-937E-C3C2B8CC2A2F}.Debug|Any CPU.ActiveCfg = Debug|Any CPU
		{14CBB3AC-6107-4370-937E-C3C2B8CC2A2F}.Debug|Any CPU.Build.0 = Debug|Any CPU
		{14CBB3AC-6107-4370-937E-C3C2B8CC2A2F}.Release|Any CPU.ActiveCfg = Release|Any CPU
		{14CBB3AC-6107-4370-937E-C3C2B8CC2A2F}.Release|Any CPU.Build.0 = Release|Any CPU
		{4B0E1FDA-9B6F-45C8-906D-270D026F18F7}.Debug|Any CPU.ActiveCfg = Debug|Any CPU
		{4B0E1FDA-9B6F-45C8-906D-270D026F18F7}.Debug|Any CPU.Build.0 = Debug|Any CPU
		{4B0E1FDA-9B6F-45C8-906D-270D026F18F7}.Release|Any CPU.ActiveCfg = Release|Any CPU
		{4B0E1FDA-9B6F-45C8-906D-270D026F18F7}.Release|Any CPU.Build.0 = Release|Any CPU
	EndGlobalSection
	GlobalSection(SolutionProperties) = preSolution
		HideSolutionNode = FALSE
	EndGlobalSection
	GlobalSection(ExtensibilityGlobals) = postSolution
		SolutionGuid = {F5B7334F-B989-4970-8D59-46F5644356E3}
	EndGlobalSection
EndGlobal
