
Microsoft Visual Studio Solution File, Format Version 12.00
# Visual Studio Version 16
VisualStudioVersion = 16.0.31424.327
MinimumVisualStudioVersion = 10.0.40219.1
Project("{9A19103F-16F7-4668-BE54-9A1E7A4F7556}") = "BonusScoringSystem", "BonusScoringSystem\BonusScoringSystem.csproj", "{69DD3B09-11BB-4210-BF11-B71DE561CBE1}"
EndProject
Project("{FAE04EC0-301F-11D3-BF4B-00C04F79EFBC}") = "MuOnline", "MuOnline\MuOnline.csproj", "{6F9405CA-6251-4A74-A784-ECC187BC1581}"
EndProject
Project("{FAE04EC0-301F-11D3-BF4B-00C04F79EFBC}") = "Inventory", "Inventory\Inventory.csproj", "{92B34C51-833E-4B87-B67A-D217BAB28759}"
EndProject
Global
	GlobalSection(SolutionConfigurationPlatforms) = preSolution
		Debug|Any CPU = Debug|Any CPU
		Release|Any CPU = Release|Any CPU
	EndGlobalSection
	GlobalSection(ProjectConfigurationPlatforms) = postSolution
		{69DD3B09-11BB-4210-BF11-B71DE561CBE1}.Debug|Any CPU.ActiveCfg = Debug|Any CPU
		{69DD3B09-11BB-4210-BF11-B71DE561CBE1}.Debug|Any CPU.Build.0 = Debug|Any CPU
		{69DD3B09-11BB-4210-BF11-B71DE561CBE1}.Release|Any CPU.ActiveCfg = Release|Any CPU
		{69DD3B09-11BB-4210-BF11-B71DE561CBE1}.Release|Any CPU.Build.0 = Release|Any CPU
		{6F9405CA-6251-4A74-A784-ECC187BC1581}.Debug|Any CPU.ActiveCfg = Debug|Any CPU
		{6F9405CA-6251-4A74-A784-ECC187BC1581}.Debug|Any CPU.Build.0 = Debug|Any CPU
		{6F9405CA-6251-4A74-A784-ECC187BC1581}.Release|Any CPU.ActiveCfg = Release|Any CPU
		{6F9405CA-6251-4A74-A784-ECC187BC1581}.Release|Any CPU.Build.0 = Release|Any CPU
		{92B34C51-833E-4B87-B67A-D217BAB28759}.Debug|Any CPU.ActiveCfg = Debug|Any CPU
		{92B34C51-833E-4B87-B67A-D217BAB28759}.Debug|Any CPU.Build.0 = Debug|Any CPU
		{92B34C51-833E-4B87-B67A-D217BAB28759}.Release|Any CPU.ActiveCfg = Release|Any CPU
		{92B34C51-833E-4B87-B67A-D217BAB28759}.Release|Any CPU.Build.0 = Release|Any CPU
	EndGlobalSection
	GlobalSection(SolutionProperties) = preSolution
		HideSolutionNode = FALSE
	EndGlobalSection
	GlobalSection(ExtensibilityGlobals) = postSolution
		SolutionGuid = {632E595A-E620-42D0-BB46-98D4EAF084CE}
	EndGlobalSection
EndGlobal
