
Microsoft Visual Studio Solution File, Format Version 12.00
# Visual Studio Version 16
VisualStudioVersion = 16.0.31424.327
MinimumVisualStudioVersion = 10.0.40219.1
Project("{FAE04EC0-301F-11D3-BF4B-00C04F79EFBC}") = "ActivationKeys", "ActivationKeys\ActivationKeys.csproj", "{98863AB8-5F66-4BFB-AD57-034D03B76DCF}"
EndProject
Project("{FAE04EC0-301F-11D3-BF4B-00C04F79EFBC}") = "EmojiDetector", "EmojiDetector\EmojiDetector.csproj", "{90657AE1-44FD-46E0-8E44-54B2E007F2EF}"
EndProject
Project("{FAE04EC0-301F-11D3-BF4B-00C04F79EFBC}") = "P!rates", "P!rates\P!rates.csproj", "{E313D164-CB74-4D2E-A336-830F5B44D567}"
EndProject
Global
	GlobalSection(SolutionConfigurationPlatforms) = preSolution
		Debug|Any CPU = Debug|Any CPU
		Release|Any CPU = Release|Any CPU
	EndGlobalSection
	GlobalSection(ProjectConfigurationPlatforms) = postSolution
		{98863AB8-5F66-4BFB-AD57-034D03B76DCF}.Debug|Any CPU.ActiveCfg = Debug|Any CPU
		{98863AB8-5F66-4BFB-AD57-034D03B76DCF}.Debug|Any CPU.Build.0 = Debug|Any CPU
		{98863AB8-5F66-4BFB-AD57-034D03B76DCF}.Release|Any CPU.ActiveCfg = Release|Any CPU
		{98863AB8-5F66-4BFB-AD57-034D03B76DCF}.Release|Any CPU.Build.0 = Release|Any CPU
		{90657AE1-44FD-46E0-8E44-54B2E007F2EF}.Debug|Any CPU.ActiveCfg = Debug|Any CPU
		{90657AE1-44FD-46E0-8E44-54B2E007F2EF}.Debug|Any CPU.Build.0 = Debug|Any CPU
		{90657AE1-44FD-46E0-8E44-54B2E007F2EF}.Release|Any CPU.ActiveCfg = Release|Any CPU
		{90657AE1-44FD-46E0-8E44-54B2E007F2EF}.Release|Any CPU.Build.0 = Release|Any CPU
		{E313D164-CB74-4D2E-A336-830F5B44D567}.Debug|Any CPU.ActiveCfg = Debug|Any CPU
		{E313D164-CB74-4D2E-A336-830F5B44D567}.Debug|Any CPU.Build.0 = Debug|Any CPU
		{E313D164-CB74-4D2E-A336-830F5B44D567}.Release|Any CPU.ActiveCfg = Release|Any CPU
		{E313D164-CB74-4D2E-A336-830F5B44D567}.Release|Any CPU.Build.0 = Release|Any CPU
	EndGlobalSection
	GlobalSection(SolutionProperties) = preSolution
		HideSolutionNode = FALSE
	EndGlobalSection
	GlobalSection(ExtensibilityGlobals) = postSolution
		SolutionGuid = {260CF799-1F1F-4EAD-90D4-9857DDE23297}
	EndGlobalSection
EndGlobal
