
Microsoft Visual Studio Solution File, Format Version 12.00
# Visual Studio Version 16
VisualStudioVersion = 16.0.31205.134
MinimumVisualStudioVersion = 10.0.40219.1
Project("{FAE04EC0-301F-11D3-BF4B-00C04F79EFBC}") = "CountRealNumbers", "CountRealNumbers\CountRealNumbers.csproj", "{F9F61393-AC2A-4A82-A3FE-D3A84BA5D648}"
EndProject
Project("{FAE04EC0-301F-11D3-BF4B-00C04F79EFBC}") = "OddOccurrences", "OddOccurrences\OddOccurrences.csproj", "{11B9A013-2ED7-443D-9CBD-4AA3038BE856}"
EndProject
Project("{FAE04EC0-301F-11D3-BF4B-00C04F79EFBC}") = "WordSynonyms", "WordSynonyms\WordSynonyms.csproj", "{A9D22A3E-D6CE-4391-9A1B-10F0398DA8D5}"
EndProject
Project("{FAE04EC0-301F-11D3-BF4B-00C04F79EFBC}") = "LargestThreeNumbers", "LargestThreeNumbers\LargestThreeNumbers.csproj", "{ED1D271C-04CF-49D1-818E-05EDD3DBEE26}"
EndProject
Project("{FAE04EC0-301F-11D3-BF4B-00C04F79EFBC}") = "WordFilter", "WordFilter\WordFilter.csproj", "{944D42B9-FC8C-4174-9619-CCE6D1A332AB}"
EndProject
Global
	GlobalSection(SolutionConfigurationPlatforms) = preSolution
		Debug|Any CPU = Debug|Any CPU
		Release|Any CPU = Release|Any CPU
	EndGlobalSection
	GlobalSection(ProjectConfigurationPlatforms) = postSolution
		{F9F61393-AC2A-4A82-A3FE-D3A84BA5D648}.Debug|Any CPU.ActiveCfg = Debug|Any CPU
		{F9F61393-AC2A-4A82-A3FE-D3A84BA5D648}.Debug|Any CPU.Build.0 = Debug|Any CPU
		{F9F61393-AC2A-4A82-A3FE-D3A84BA5D648}.Release|Any CPU.ActiveCfg = Release|Any CPU
		{F9F61393-AC2A-4A82-A3FE-D3A84BA5D648}.Release|Any CPU.Build.0 = Release|Any CPU
		{11B9A013-2ED7-443D-9CBD-4AA3038BE856}.Debug|Any CPU.ActiveCfg = Debug|Any CPU
		{11B9A013-2ED7-443D-9CBD-4AA3038BE856}.Debug|Any CPU.Build.0 = Debug|Any CPU
		{11B9A013-2ED7-443D-9CBD-4AA3038BE856}.Release|Any CPU.ActiveCfg = Release|Any CPU
		{11B9A013-2ED7-443D-9CBD-4AA3038BE856}.Release|Any CPU.Build.0 = Release|Any CPU
		{A9D22A3E-D6CE-4391-9A1B-10F0398DA8D5}.Debug|Any CPU.ActiveCfg = Debug|Any CPU
		{A9D22A3E-D6CE-4391-9A1B-10F0398DA8D5}.Debug|Any CPU.Build.0 = Debug|Any CPU
		{A9D22A3E-D6CE-4391-9A1B-10F0398DA8D5}.Release|Any CPU.ActiveCfg = Release|Any CPU
		{A9D22A3E-D6CE-4391-9A1B-10F0398DA8D5}.Release|Any CPU.Build.0 = Release|Any CPU
		{ED1D271C-04CF-49D1-818E-05EDD3DBEE26}.Debug|Any CPU.ActiveCfg = Debug|Any CPU
		{ED1D271C-04CF-49D1-818E-05EDD3DBEE26}.Debug|Any CPU.Build.0 = Debug|Any CPU
		{ED1D271C-04CF-49D1-818E-05EDD3DBEE26}.Release|Any CPU.ActiveCfg = Release|Any CPU
		{ED1D271C-04CF-49D1-818E-05EDD3DBEE26}.Release|Any CPU.Build.0 = Release|Any CPU
		{944D42B9-FC8C-4174-9619-CCE6D1A332AB}.Debug|Any CPU.ActiveCfg = Debug|Any CPU
		{944D42B9-FC8C-4174-9619-CCE6D1A332AB}.Debug|Any CPU.Build.0 = Debug|Any CPU
		{944D42B9-FC8C-4174-9619-CCE6D1A332AB}.Release|Any CPU.ActiveCfg = Release|Any CPU
		{944D42B9-FC8C-4174-9619-CCE6D1A332AB}.Release|Any CPU.Build.0 = Release|Any CPU
	EndGlobalSection
	GlobalSection(SolutionProperties) = preSolution
		HideSolutionNode = FALSE
	EndGlobalSection
	GlobalSection(ExtensibilityGlobals) = postSolution
		SolutionGuid = {1596EC71-924C-4B96-B39E-FAF3EC23AE49}
	EndGlobalSection
EndGlobal
