
Microsoft Visual Studio Solution File, Format Version 12.00
# Visual Studio Version 16
VisualStudioVersion = 16.0.31702.278
MinimumVisualStudioVersion = 10.0.40219.1
Project("{FAE04EC0-301F-11D3-BF4B-00C04F79EFBC}") = "CustomDoublyLinkedList", "CustomDoublyLinkedList\CustomDoublyLinkedList.csproj", "{1612FD9E-A85C-4DEB-9F5B-B6A9A9909AE5}"
EndProject
Global
	GlobalSection(SolutionConfigurationPlatforms) = preSolution
		Debug|Any CPU = Debug|Any CPU
		Release|Any CPU = Release|Any CPU
	EndGlobalSection
	GlobalSection(ProjectConfigurationPlatforms) = postSolution
		{1612FD9E-A85C-4DEB-9F5B-B6A9A9909AE5}.Debug|Any CPU.ActiveCfg = Debug|Any CPU
		{1612FD9E-A85C-4DEB-9F5B-B6A9A9909AE5}.Debug|Any CPU.Build.0 = Debug|Any CPU
		{1612FD9E-A85C-4DEB-9F5B-B6A9A9909AE5}.Release|Any CPU.ActiveCfg = Release|Any CPU
		{1612FD9E-A85C-4DEB-9F5B-B6A9A9909AE5}.Release|Any CPU.Build.0 = Release|Any CPU
	EndGlobalSection
	GlobalSection(SolutionProperties) = preSolution
		HideSolutionNode = FALSE
	EndGlobalSection
	GlobalSection(ExtensibilityGlobals) = postSolution
		SolutionGuid = {0A9A3D58-17C4-4772-AF59-5726B8A0A22B}
	EndGlobalSection
EndGlobal
