
Microsoft Visual Studio Solution File, Format Version 12.00
# Visual Studio Version 16
VisualStudioVersion = 16.0.31702.278
MinimumVisualStudioVersion = 10.0.40219.1
Project("{FAE04EC0-301F-11D3-BF4B-00C04F79EFBC}") = "CarManufacturer", "CarManufacturer\CarManufacturer.csproj", "{EC758921-193B-4CCD-976B-450DB005632D}"
EndProject
Global
	GlobalSection(SolutionConfigurationPlatforms) = preSolution
		Debug|Any CPU = Debug|Any CPU
		Release|Any CPU = Release|Any CPU
	EndGlobalSection
	GlobalSection(ProjectConfigurationPlatforms) = postSolution
		{EC758921-193B-4CCD-976B-450DB005632D}.Debug|Any CPU.ActiveCfg = Debug|Any CPU
		{EC758921-193B-4CCD-976B-450DB005632D}.Debug|Any CPU.Build.0 = Debug|Any CPU
		{EC758921-193B-4CCD-976B-450DB005632D}.Release|Any CPU.ActiveCfg = Release|Any CPU
		{EC758921-193B-4CCD-976B-450DB005632D}.Release|Any CPU.Build.0 = Release|Any CPU
	EndGlobalSection
	GlobalSection(SolutionProperties) = preSolution
		HideSolutionNode = FALSE
	EndGlobalSection
	GlobalSection(ExtensibilityGlobals) = postSolution
		SolutionGuid = {EE706586-73C7-43C7-80FB-75CC14DD55E6}
	EndGlobalSection
EndGlobal
