
Microsoft Visual Studio Solution File, Format Version 12.00
# Visual Studio Version 16
VisualStudioVersion = 16.0.31702.278
MinimumVisualStudioVersion = 10.0.40219.1
Project("{FAE04EC0-301F-11D3-BF4B-00C04F79EFBC}") = "PersonsInfo", "PersonsInfo\PersonsInfo.csproj", "{1D2F39BA-469E-46E1-9151-89029395C937}"
EndProject
Global
	GlobalSection(SolutionConfigurationPlatforms) = preSolution
		Debug|Any CPU = Debug|Any CPU
		Release|Any CPU = Release|Any CPU
	EndGlobalSection
	GlobalSection(ProjectConfigurationPlatforms) = postSolution
		{1D2F39BA-469E-46E1-9151-89029395C937}.Debug|Any CPU.ActiveCfg = Debug|Any CPU
		{1D2F39BA-469E-46E1-9151-89029395C937}.Debug|Any CPU.Build.0 = Debug|Any CPU
		{1D2F39BA-469E-46E1-9151-89029395C937}.Release|Any CPU.ActiveCfg = Release|Any CPU
		{1D2F39BA-469E-46E1-9151-89029395C937}.Release|Any CPU.Build.0 = Release|Any CPU
	EndGlobalSection
	GlobalSection(SolutionProperties) = preSolution
		HideSolutionNode = FALSE
	EndGlobalSection
	GlobalSection(ExtensibilityGlobals) = postSolution
		SolutionGuid = {D8ADA21D-7410-4201-B81E-53452C27CA05}
	EndGlobalSection
EndGlobal
